// !$*UTF8*$!
{
	archiveVersion = 1;
	classes = {
	};
	objectVersion = 50;
	objects = {

/* Begin PBXBuildFile section */
		2D8F417524C4DCC100F1C955 /* AppDelegate.swift in Sources */ = {isa = PBXBuildFile; fileRef = 2D8F417424C4DCC100F1C955 /* AppDelegate.swift */; };
		2D8F417724C4DCC100F1C955 /* SceneDelegate.swift in Sources */ = {isa = PBXBuildFile; fileRef = 2D8F417624C4DCC100F1C955 /* SceneDelegate.swift */; };
		2D8F417924C4DCC100F1C955 /* ViewController.swift in Sources */ = {isa = PBXBuildFile; fileRef = 2D8F417824C4DCC100F1C955 /* ViewController.swift */; };
		2D8F417C24C4DCC100F1C955 /* Main.storyboard in Resources */ = {isa = PBXBuildFile; fileRef = 2D8F417A24C4DCC100F1C955 /* Main.storyboard */; };
		2D8F417E24C4DCC300F1C955 /* Assets.xcassets in Resources */ = {isa = PBXBuildFile; fileRef = 2D8F417D24C4DCC300F1C955 /* Assets.xcassets */; };
		2D8F418124C4DCC300F1C955 /* LaunchScreen.storyboard in Resources */ = {isa = PBXBuildFile; fileRef = 2D8F417F24C4DCC300F1C955 /* LaunchScreen.storyboard */; };
/* End PBXBuildFile section */

/* Begin PBXFileReference section */
		2D8F417124C4DCC100F1C955 /* youtube-details.app */ = {isa = PBXFileReference; explicitFileType = wrapper.application; includeInIndex = 0; path = "youtube-details.app"; sourceTree = BUILT_PRODUCTS_DIR; };
		2D8F417424C4DCC100F1C955 /* AppDelegate.swift */ = {isa = PBXFileReference; lastKnownFileType = sourcecode.swift; path = AppDelegate.swift; sourceTree = "<group>"; };
		2D8F417624C4DCC100F1C955 /* SceneDelegate.swift */ = {isa = PBXFileReference; lastKnownFileType = sourcecode.swift; path = SceneDelegate.swift; sourceTree = "<group>"; };
		2D8F417824C4DCC100F1C955 /* ViewController.swift */ = {isa = PBXFileReference; lastKnownFileType = sourcecode.swift; path = ViewController.swift; sourceTree = "<group>"; };
		2D8F417B24C4DCC100F1C955 /* Base */ = {isa = PBXFileReference; lastKnownFileType = file.storyboard; name = Base; path = Base.lproj/Main.storyboard; sourceTree = "<group>"; };
		2D8F417D24C4DCC300F1C955 /* Assets.xcassets */ = {isa = PBXFileReference; lastKnownFileType = folder.assetcatalog; path = Assets.xcassets; sourceTree = "<group>"; };
		2D8F418024C4DCC300F1C955 /* Base */ = {isa = PBXFileReference; lastKnownFileType = file.storyboard; name = Base; path = Base.lproj/LaunchScreen.storyboard; sourceTree = "<group>"; };
		2D8F418224C4DCC300F1C955 /* Info.plist */ = {isa = PBXFileReference; lastKnownFileType = text.plist.xml; path = Info.plist; sourceTree = "<group>"; };
/* End PBXFileReference section */

/* Begin PBXFrameworksBuildPhase section */
		2D8F416E24C4DCC100F1C955 /* Frameworks */ = {
			isa = PBXFrameworksBuildPhase;
			buildActionMask = 2147483647;
			files = (
			);
			runOnlyForDeploymentPostprocessing = 0;
		};
/* End PBXFrameworksBuildPhase section */

/* Begin PBXGroup section */
		2D8F416824C4DCC100F1C955 = {
			isa = PBXGroup;
			children = (
				2D8F417324C4DCC100F1C955 /* youtube-details */,
				2D8F417224C4DCC100F1C955 /* Products */,
			);
			sourceTree = "<group>";
		};
		2D8F417224C4DCC100F1C955 /* Products */ = {
			isa = PBXGroup;
			children = (
				2D8F417124C4DCC100F1C955 /* youtube-details.app */,
			);
			name = Products;
			sourceTree = "<group>";
		};
		2D8F417324C4DCC100F1C955 /* youtube-details */ = {
			isa = PBXGroup;
			children = (
				2D8F417424C4DCC100F1C955 /* AppDelegate.swift */,
				2D8F417624C4DCC100F1C955 /* SceneDelegate.swift */,
				2D8F417824C4DCC100F1C955 /* ViewController.swift */,
				2D8F417A24C4DCC100F1C955 /* Main.storyboard */,
				2D8F417D24C4DCC300F1C955 /* Assets.xcassets */,
				2D8F417F24C4DCC300F1C955 /* LaunchScreen.storyboard */,
				2D8F418224C4DCC300F1C955 /* Info.plist */,
			);
			path = "youtube-details";
			sourceTree = "<group>";
		};
/* End PBXGroup section */

/* Begin PBXNativeTarget section */
		2D8F417024C4DCC100F1C955 /* youtube-details */ = {
			isa = PBXNativeTarget;
			buildConfigurationList = 2D8F418524C4DCC300F1C955 /* Build configuration list for PBXNativeTarget "youtube-details" */;
			buildPhases = (
				2D8F416D24C4DCC100F1C955 /* Sources */,
				2D8F416E24C4DCC100F1C955 /* Frameworks */,
				2D8F416F24C4DCC100F1C955 /* Resources */,
			);
			buildRules = (
			);
			dependencies = (
			);
			name = "youtube-details";
			productName = "youtube-details";
			productReference = 2D8F417124C4DCC100F1C955 /* youtube-details.app */;
			productType = "com.apple.product-type.application";
		};
/* End PBXNativeTarget section */

/* Begin PBXProject section */
		2D8F416924C4DCC100F1C955 /* Project object */ = {
			isa = PBXProject;
			attributes = {
				LastSwiftUpdateCheck = 1160;
				LastUpgradeCheck = 1160;
				ORGANIZATIONNAME = "Tirtha Kharel";
				TargetAttributes = {
					2D8F417024C4DCC100F1C955 = {
						CreatedOnToolsVersion = 11.6;
					};
				};
			};
			buildConfigurationList = 2D8F416C24C4DCC100F1C955 /* Build configuration list for PBXProject "youtube-details" */;
			compatibilityVersion = "Xcode 9.3";
			developmentRegion = en;
			hasScannedForEncodings = 0;
			knownRegions = (
				en,
				Base,
			);
			mainGroup = 2D8F416824C4DCC100F1C955;
			productRefGroup = 2D8F417224C4DCC100F1C955 /* Products */;
			projectDirPath = "";
			projectRoot = "";
			targets = (
				2D8F417024C4DCC100F1C955 /* youtube-details */,
			);
		};
/* End PBXProject section */

/* Begin PBXResourcesBuildPhase section */
		2D8F416F24C4DCC100F1C955 /* Resources */ = {
			isa = PBXResourcesBuildPhase;
			buildActionMask = 2147483647;
			files = (
				2D8F418124C4DCC300F1C955 /* LaunchScreen.storyboard in Resources */,
				2D8F417E24C4DCC300F1C955 /* Assets.xcassets in Resources */,
				2D8F417C24C4DCC100F1C955 /* Main.storyboard in Resources */,
			);
			runOnlyForDeploymentPostprocessing = 0;
		};
/* End PBXResourcesBuildPhase section */

/* Begin PBXSourcesBuildPhase section */
		2D8F416D24C4DCC100F1C955 /* Sources */ = {
			isa = PBXSourcesBuildPhase;
			buildActionMask = 2147483647;
			files = (
				2D8F417924C4DCC100F1C955 /* ViewController.swift in Sources */,
				2D8F417524C4DCC100F1C955 /* AppDelegate.swift in Sources */,
				2D8F417724C4DCC100F1C955 /* SceneDelegate.swift in Sources */,
			);
			runOnlyForDeploymentPostprocessing = 0;
		};
/* End PBXSourcesBuildPhase section */

/* Begin PBXVariantGroup section */
		2D8F417A24C4DCC100F1C955 /* Main.storyboard */ = {
			isa = PBXVariantGroup;
			children = (
				2D8F417B24C4DCC100F1C955 /* Base */,
			);
			name = Main.storyboard;
			sourceTree = "<group>";
		};
		2D8F417F24C4DCC300F1C955 /* LaunchScreen.storyboard */ = {
			isa = PBXVariantGroup;
			children = (
				2D8F418024C4DCC300F1C955 /* Base */,
			);
			name = LaunchScreen.storyboard;
			sourceTree = "<group>";
		};
/* End PBXVariantGroup section */

/* Begin XCBuildConfiguration section */
		2D8F418324C4DCC300F1C955 /* Debug */ = {
			isa = XCBuildConfiguration;
			buildSettings = {
				ALWAYS_SEARCH_USER_PATHS = NO;
				CLANG_ANALYZER_NONNULL = YES;
				CLANG_ANALYZER_NUMBER_OBJECT_CONVERSION = YES_AGGRESSIVE;
				CLANG_CXX_LANGUAGE_STANDARD = "gnu++14";
				CLANG_CXX_LIBRARY = "libc++";
				CLANG_ENABLE_MODULES = YES;
				CLANG_ENABLE_OBJC_ARC = YES;
				CLANG_ENABLE_OBJC_WEAK = YES;
				CLANG_WARN_BLOCK_CAPTURE_AUTORELEASING = YES;
				CLANG_WARN_BOOL_CONVERSION = YES;
				CLANG_WARN_COMMA = YES;
				CLANG_WARN_CONSTANT_CONVERSION = YES;
				CLANG_WARN_DEPRECATED_OBJC_IMPLEMENTATIONS = YES;
				CLANG_WARN_DIRECT_OBJC_ISA_USAGE = YES_ERROR;
				CLANG_WARN_DOCUMENTATION_COMMENTS = YES;
				CLANG_WARN_EMPTY_BODY = YES;
				CLANG_WARN_ENUM_CONVERSION = YES;
				CLANG_WARN_INFINITE_RECURSION = YES;
				CLANG_WARN_INT_CONVERSION = YES;
				CLANG_WARN_NON_LITERAL_NULL_CONVERSION = YES;
				CLANG_WARN_OBJC_IMPLICIT_RETAIN_SELF = YES;
				CLANG_WARN_OBJC_LITERAL_CONVERSION = YES;
				CLANG_WARN_OBJC_ROOT_CLASS = YES_ERROR;
				CLANG_WARN_RANGE_LOOP_ANALYSIS = YES;
				CLANG_WARN_STRICT_PROTOTYPES = YES;
				CLANG_WARN_SUSPICIOUS_MOVE = YES;
				CLANG_WARN_UNGUARDED_AVAILABILITY = YES_AGGRESSIVE;
				CLANG_WARN_UNREACHABLE_CODE = YES;
				CLANG_WARN__DUPLICATE_METHOD_MATCH = YES;
				COPY_PHASE_STRIP = NO;
				DEBUG_INFORMATION_FORMAT = dwarf;
				ENABLE_STRICT_OBJC_MSGSEND = YES;
				ENABLE_TESTABILITY = YES;
				GCC_C_LANGUAGE_STANDARD = gnu11;
				GCC_DYNAMIC_NO_PIC = NO;
				GCC_NO_COMMON_BLOCKS = YES;
				GCC_OPTIMIZATION_LEVEL = 0;
				GCC_PREPROCESSOR_DEFINITIONS = (
					"DEBUG=1",
					"$(inherited)",
				);
				GCC_WARN_64_TO_32_BIT_CONVERSION = YES;
				GCC_WARN_ABOUT_RETURN_TYPE = YES_ERROR;
				GCC_WARN_UNDECLARED_SELECTOR = YES;
				GCC_WARN_UNINITIALIZED_AUTOS = YES_AGGRESSIVE;
				GCC_WARN_UNUSED_FUNCTION = YES;
				GCC_WARN_UNUSED_VARIABLE = YES;
				IPHONEOS_DEPLOYMENT_TARGET = 13.6;
				MTL_ENABLE_DEBUG_INFO = INCLUDE_SOURCE;
				MTL_FAST_MATH = YES;
				ONLY_ACTIVE_ARCH = YES;
				SDKROOT = iphoneos;
				SWIFT_ACTIVE_COMPILATION_CONDITIONS = DEBUG;
				SWIFT_OPTIMIZATION_LEVEL = "-Onone";
			};
			name = Debug;
		};
		2D8F418424C4DCC300F1C955 /* Release */ = {
			isa = XCBuildConfiguration;
			buildSettings = {
				ALWAYS_SEARCH_USER_PATHS = NO;
				CLANG_ANALYZER_NONNULL = YES;
				CLANG_ANALYZER_NUMBER_OBJECT_CONVERSION = YES_AGGRESSIVE;
				CLANG_CXX_LANGUAGE_STANDARD = "gnu++14";
				CLANG_CXX_LIBRARY = "libc++";
				CLANG_ENABLE_MODULES = YES;
				CLANG_ENABLE_OBJC_ARC = YES;
				CLANG_ENABLE_OBJC_WEAK = YES;
				CLANG_WARN_BLOCK_CAPTURE_AUTORELEASING = YES;
				CLANG_WARN_BOOL_CONVERSION = YES;
				CLANG_WARN_COMMA = YES;
				CLANG_WARN_CONSTANT_CONVERSION = YES;
				CLANG_WARN_DEPRECATED_OBJC_IMPLEMENTATIONS = YES;
				CLANG_WARN_DIRECT_OBJC_ISA_USAGE = YES_ERROR;
				CLANG_WARN_DOCUMENTATION_COMMENTS = YES;
				CLANG_WARN_EMPTY_BODY = YES;
				CLANG_WARN_ENUM_CONVERSION = YES;
				CLANG_WARN_INFINITE_RECURSION = YES;
				CLANG_WARN_INT_CONVERSION = YES;
				CLANG_WARN_NON_LITERAL_NULL_CONVERSION = YES;
				CLANG_WARN_OBJC_IMPLICIT_RETAIN_SELF = YES;
				CLANG_WARN_OBJC_LITERAL_CONVERSION = YES;
				CLANG_WARN_OBJC_ROOT_CLASS = YES_ERROR;
				CLANG_WARN_RANGE_LOOP_ANALYSIS = YES;
				CLANG_WARN_STRICT_PROTOTYPES = YES;
				CLANG_WARN_SUSPICIOUS_MOVE = YES;
				CLANG_WARN_UNGUARDED_AVAILABILITY = YES_AGGRESSIVE;
				CLANG_WARN_UNREACHABLE_CODE = YES;
				CLANG_WARN__DUPLICATE_METHOD_MATCH = YES;
				COPY_PHASE_STRIP = NO;
				DEBUG_INFORMATION_FORMAT = "dwarf-with-dsym";
				ENABLE_NS_ASSERTIONS = NO;
				ENABLE_STRICT_OBJC_MSGSEND = YES;
				GCC_C_LANGUAGE_STANDARD = gnu11;
				GCC_NO_COMMON_BLOCKS = YES;
				GCC_WARN_64_TO_32_BIT_CONVERSION = YES;
				GCC_WARN_ABOUT_RETURN_TYPE = YES_ERROR;
				GCC_WARN_UNDECLARED_SELECTOR = YES;
				GCC_WARN_UNINITIALIZED_AUTOS = YES_AGGRESSIVE;
				GCC_WARN_UNUSED_FUNCTION = YES;
				GCC_WARN_UNUSED_VARIABLE = YES;
				IPHONEOS_DEPLOYMENT_TARGET = 13.6;
				MTL_ENABLE_DEBUG_INFO = NO;
				MTL_FAST_MATH = YES;
				SDKROOT = iphoneos;
				SWIFT_COMPILATION_MODE = wholemodule;
				SWIFT_OPTIMIZATION_LEVEL = "-O";
				VALIDATE_PRODUCT = YES;
			};
			name = Release;
		};
		2D8F418624C4DCC300F1C955 /* Debug */ = {
			isa = XCBuildConfiguration;
			buildSettings = {
				ASSETCATALOG_COMPILER_APPICON_NAME = AppIcon;
				CODE_SIGN_STYLE = Automatic;
				INFOPLIST_FILE = "youtube-details/Info.plist";
				LD_RUNPATH_SEARCH_PATHS = (
					"$(inherited)",
					"@executable_path/Frameworks",
				);
				PRODUCT_BUNDLE_IDENTIFIER = "com.tk.youtube-details";
				PRODUCT_NAME = "$(TARGET_NAME)";
				SWIFT_VERSION = 5.0;
				TARGETED_DEVICE_FAMILY = "1,2";
			};
			name = Debug;
		};
		2D8F418724C4DCC300F1C955 /* Release */ = {
			isa = XCBuildConfiguration;
			buildSettings = {
				ASSETCATALOG_COMPILER_APPICON_NAME = AppIcon;
				CODE_SIGN_STYLE = Automatic;
				INFOPLIST_FILE = "youtube-details/Info.plist";
				LD_RUNPATH_SEARCH_PATHS = (
					"$(inherited)",
					"@executable_path/Frameworks",
				);
				PRODUCT_BUNDLE_IDENTIFIER = "com.tk.youtube-details";
				PRODUCT_NAME = "$(TARGET_NAME)";
				SWIFT_VERSION = 5.0;
				TARGETED_DEVICE_FAMILY = "1,2";
			};
			name = Release;
		};
/* End XCBuildConfiguration section */

/* Begin XCConfigurationList section */
		2D8F416C24C4DCC100F1C955 /* Build configuration list for PBXProject "youtube-details" */ = {
			isa = XCConfigurationList;
			buildConfigurations = (
				2D8F418324C4DCC300F1C955 /* Debug */,
				2D8F418424C4DCC300F1C955 /* Release */,
			);
			defaultConfigurationIsVisible = 0;
			defaultConfigurationName = Release;
		};
		2D8F418524C4DCC300F1C955 /* Build configuration list for PBXNativeTarget "youtube-details" */ = {
			isa = XCConfigurationList;
			buildConfigurations = (
				2D8F418624C4DCC300F1C955 /* Debug */,
				2D8F418724C4DCC300F1C955 /* Release */,
			);
			defaultConfigurationIsVisible = 0;
			defaultConfigurationName = Release;
		};
/* End XCConfigurationList section */
	};
	rootObject = 2D8F416924C4DCC100F1C955 /* Project object */;
}
